
Microsoft Visual Studio Solution File, Format Version 12.00
# Visual Studio 15
VisualStudioVersion = 15.0.26124.0
MinimumVisualStudioVersion = 15.0.26124.0
Project("{2150E333-8FDC-42A3-9474-1A3956D46DE8}") = "source", "source", "{02398809-9FE1-4D8B-86C2-69C09DED1C3A}"
EndProject
Project("{FAE04EC0-301F-11D3-BF4B-00C04F79EFBC}") = "Chat.Api", "source\Chat.Api\Chat.Api.csproj", "{19A2DECC-411D-464E-B476-6F5F9A478BAD}"
EndProject
Project("{FAE04EC0-301F-11D3-BF4B-00C04F79EFBC}") = "Chat.Api.Tests", "source\Chat.Api.Tests\Chat.Api.Tests.csproj", "{1B08424D-5025-43AD-8CF3-CF7EC4BB17D8}"
EndProject
Project("{FAE04EC0-301F-11D3-BF4B-00C04F79EFBC}") = "console-client", "source\console-client\console-client.csproj", "{5EE58748-1539-47A6-BFE4-47DA7A1D54CE}"
EndProject
Global
	GlobalSection(SolutionConfigurationPlatforms) = preSolution
		Debug|Any CPU = Debug|Any CPU
		Debug|x64 = Debug|x64
		Debug|x86 = Debug|x86
		Release|Any CPU = Release|Any CPU
		Release|x64 = Release|x64
		Release|x86 = Release|x86
	EndGlobalSection
	GlobalSection(SolutionProperties) = preSolution
		HideSolutionNode = FALSE
	EndGlobalSection
	GlobalSection(ProjectConfigurationPlatforms) = postSolution
		{19A2DECC-411D-464E-B476-6F5F9A478BAD}.Debug|Any CPU.ActiveCfg = Debug|Any CPU
		{19A2DECC-411D-464E-B476-6F5F9A478BAD}.Debug|Any CPU.Build.0 = Debug|Any CPU
		{19A2DECC-411D-464E-B476-6F5F9A478BAD}.Debug|x64.ActiveCfg = Debug|Any CPU
		{19A2DECC-411D-464E-B476-6F5F9A478BAD}.Debug|x64.Build.0 = Debug|Any CPU
		{19A2DECC-411D-464E-B476-6F5F9A478BAD}.Debug|x86.ActiveCfg = Debug|Any CPU
		{19A2DECC-411D-464E-B476-6F5F9A478BAD}.Debug|x86.Build.0 = Debug|Any CPU
		{19A2DECC-411D-464E-B476-6F5F9A478BAD}.Release|Any CPU.ActiveCfg = Release|Any CPU
		{19A2DECC-411D-464E-B476-6F5F9A478BAD}.Release|Any CPU.Build.0 = Release|Any CPU
		{19A2DECC-411D-464E-B476-6F5F9A478BAD}.Release|x64.ActiveCfg = Release|Any CPU
		{19A2DECC-411D-464E-B476-6F5F9A478BAD}.Release|x64.Build.0 = Release|Any CPU
		{19A2DECC-411D-464E-B476-6F5F9A478BAD}.Release|x86.ActiveCfg = Release|Any CPU
		{19A2DECC-411D-464E-B476-6F5F9A478BAD}.Release|x86.Build.0 = Release|Any CPU
		{1B08424D-5025-43AD-8CF3-CF7EC4BB17D8}.Debug|Any CPU.ActiveCfg = Debug|Any CPU
		{1B08424D-5025-43AD-8CF3-CF7EC4BB17D8}.Debug|Any CPU.Build.0 = Debug|Any CPU
		{1B08424D-5025-43AD-8CF3-CF7EC4BB17D8}.Debug|x64.ActiveCfg = Debug|Any CPU
		{1B08424D-5025-43AD-8CF3-CF7EC4BB17D8}.Debug|x64.Build.0 = Debug|Any CPU
		{1B08424D-5025-43AD-8CF3-CF7EC4BB17D8}.Debug|x86.ActiveCfg = Debug|Any CPU
		{1B08424D-5025-43AD-8CF3-CF7EC4BB17D8}.Debug|x86.Build.0 = Debug|Any CPU
		{1B08424D-5025-43AD-8CF3-CF7EC4BB17D8}.Release|Any CPU.ActiveCfg = Release|Any CPU
		{1B08424D-5025-43AD-8CF3-CF7EC4BB17D8}.Release|Any CPU.Build.0 = Release|Any CPU
		{1B08424D-5025-43AD-8CF3-CF7EC4BB17D8}.Release|x64.ActiveCfg = Release|Any CPU
		{1B08424D-5025-43AD-8CF3-CF7EC4BB17D8}.Release|x64.Build.0 = Release|Any CPU
		{1B08424D-5025-43AD-8CF3-CF7EC4BB17D8}.Release|x86.ActiveCfg = Release|Any CPU
		{1B08424D-5025-43AD-8CF3-CF7EC4BB17D8}.Release|x86.Build.0 = Release|Any CPU
		{5EE58748-1539-47A6-BFE4-47DA7A1D54CE}.Debug|Any CPU.ActiveCfg = Debug|Any CPU
		{5EE58748-1539-47A6-BFE4-47DA7A1D54CE}.Debug|Any CPU.Build.0 = Debug|Any CPU
		{5EE58748-1539-47A6-BFE4-47DA7A1D54CE}.Debug|x64.ActiveCfg = Debug|Any CPU
		{5EE58748-1539-47A6-BFE4-47DA7A1D54CE}.Debug|x64.Build.0 = Debug|Any CPU
		{5EE58748-1539-47A6-BFE4-47DA7A1D54CE}.Debug|x86.ActiveCfg = Debug|Any CPU
		{5EE58748-1539-47A6-BFE4-47DA7A1D54CE}.Debug|x86.Build.0 = Debug|Any CPU
		{5EE58748-1539-47A6-BFE4-47DA7A1D54CE}.Release|Any CPU.ActiveCfg = Release|Any CPU
		{5EE58748-1539-47A6-BFE4-47DA7A1D54CE}.Release|Any CPU.Build.0 = Release|Any CPU
		{5EE58748-1539-47A6-BFE4-47DA7A1D54CE}.Release|x64.ActiveCfg = Release|Any CPU
		{5EE58748-1539-47A6-BFE4-47DA7A1D54CE}.Release|x64.Build.0 = Release|Any CPU
		{5EE58748-1539-47A6-BFE4-47DA7A1D54CE}.Release|x86.ActiveCfg = Release|Any CPU
		{5EE58748-1539-47A6-BFE4-47DA7A1D54CE}.Release|x86.Build.0 = Release|Any CPU
	EndGlobalSection
	GlobalSection(NestedProjects) = preSolution
		{19A2DECC-411D-464E-B476-6F5F9A478BAD} = {02398809-9FE1-4D8B-86C2-69C09DED1C3A}
		{1B08424D-5025-43AD-8CF3-CF7EC4BB17D8} = {02398809-9FE1-4D8B-86C2-69C09DED1C3A}
		{5EE58748-1539-47A6-BFE4-47DA7A1D54CE} = {02398809-9FE1-4D8B-86C2-69C09DED1C3A}
	EndGlobalSection
EndGlobal
